
Microsoft Visual Studio Solution File, Format Version 12.00
# Visual Studio Version 16
VisualStudioVersion = 16.0.29503.13
MinimumVisualStudioVersion = 10.0.40219.1
Project("{9A19103F-16F7-4668-BE54-9A1E7A4F7556}") = "Taxi.Common", "Taxi.Common\Taxi.Common.csproj", "{EE5DFE6F-1CED-4DC5-90A1-87ABCF343677}"
EndProject
Project("{9A19103F-16F7-4668-BE54-9A1E7A4F7556}") = "Taxi.Prism", "Taxi.Prism\Taxi.Prism\Taxi.Prism.csproj", "{0F053FF6-D9B0-4985-901F-4BFC4E843B92}"
EndProject
Project("{FAE04EC0-301F-11D3-BF4B-00C04F79EFBC}") = "Taxi.Prism.Android", "Taxi.Prism\Taxi.Prism.Android\Taxi.Prism.Android.csproj", "{A5982AA2-244D-4EF7-AED6-DEDC6D694B61}"
EndProject
Project("{FAE04EC0-301F-11D3-BF4B-00C04F79EFBC}") = "Taxi.Prism.iOS", "Taxi.Prism\Taxi.Prism.iOS\Taxi.Prism.iOS.csproj", "{82437639-6E8F-4E13-9FFE-A688EBE66474}"
EndProject
Project("{FAE04EC0-301F-11D3-BF4B-00C04F79EFBC}") = "TaxiCross.iOS", "TaxiCross.iOS\TaxiCross.iOS.csproj", "{7475080F-C8A0-4A33-860D-13F1DD6D9414}"
EndProject
Project("{FAE04EC0-301F-11D3-BF4B-00C04F79EFBC}") = "TaxiCross.Android", "TaxiCross.Android\TaxiCross.Android.csproj", "{1DD788EE-505D-4167-B80C-FE0A425A30A1}"
EndProject
Project("{9A19103F-16F7-4668-BE54-9A1E7A4F7556}") = "Taxi.Web", "Taxi.Web\Taxi.Web.csproj", "{219803B5-4476-4C4E-AC1E-A2F17056C125}"
EndProject
Global
	GlobalSection(SolutionConfigurationPlatforms) = preSolution
		Ad-Hoc|Any CPU = Ad-Hoc|Any CPU
		Ad-Hoc|iPhone = Ad-Hoc|iPhone
		Ad-Hoc|iPhoneSimulator = Ad-Hoc|iPhoneSimulator
		AppStore|Any CPU = AppStore|Any CPU
		AppStore|iPhone = AppStore|iPhone
		AppStore|iPhoneSimulator = AppStore|iPhoneSimulator
		Debug|Any CPU = Debug|Any CPU
		Debug|iPhone = Debug|iPhone
		Debug|iPhoneSimulator = Debug|iPhoneSimulator
		Release|Any CPU = Release|Any CPU
		Release|iPhone = Release|iPhone
		Release|iPhoneSimulator = Release|iPhoneSimulator
	EndGlobalSection
	GlobalSection(ProjectConfigurationPlatforms) = postSolution
		{EE5DFE6F-1CED-4DC5-90A1-87ABCF343677}.Ad-Hoc|Any CPU.ActiveCfg = Release|Any CPU
		{EE5DFE6F-1CED-4DC5-90A1-87ABCF343677}.Ad-Hoc|Any CPU.Build.0 = Release|Any CPU
		{EE5DFE6F-1CED-4DC5-90A1-87ABCF343677}.Ad-Hoc|iPhone.ActiveCfg = Release|Any CPU
		{EE5DFE6F-1CED-4DC5-90A1-87ABCF343677}.Ad-Hoc|iPhone.Build.0 = Release|Any CPU
		{EE5DFE6F-1CED-4DC5-90A1-87ABCF343677}.Ad-Hoc|iPhoneSimulator.ActiveCfg = Release|Any CPU
		{EE5DFE6F-1CED-4DC5-90A1-87ABCF343677}.Ad-Hoc|iPhoneSimulator.Build.0 = Release|Any CPU
		{EE5DFE6F-1CED-4DC5-90A1-87ABCF343677}.AppStore|Any CPU.ActiveCfg = Release|Any CPU
		{EE5DFE6F-1CED-4DC5-90A1-87ABCF343677}.AppStore|Any CPU.Build.0 = Release|Any CPU
		{EE5DFE6F-1CED-4DC5-90A1-87ABCF343677}.AppStore|iPhone.ActiveCfg = Release|Any CPU
		{EE5DFE6F-1CED-4DC5-90A1-87ABCF343677}.AppStore|iPhone.Build.0 = Release|Any CPU
		{EE5DFE6F-1CED-4DC5-90A1-87ABCF343677}.AppStore|iPhoneSimulator.ActiveCfg = Release|Any CPU
		{EE5DFE6F-1CED-4DC5-90A1-87ABCF343677}.AppStore|iPhoneSimulator.Build.0 = Release|Any CPU
		{EE5DFE6F-1CED-4DC5-90A1-87ABCF343677}.Debug|Any CPU.ActiveCfg = Debug|Any CPU
		{EE5DFE6F-1CED-4DC5-90A1-87ABCF343677}.Debug|Any CPU.Build.0 = Debug|Any CPU
		{EE5DFE6F-1CED-4DC5-90A1-87ABCF343677}.Debug|iPhone.ActiveCfg = Debug|Any CPU
		{EE5DFE6F-1CED-4DC5-90A1-87ABCF343677}.Debug|iPhone.Build.0 = Debug|Any CPU
		{EE5DFE6F-1CED-4DC5-90A1-87ABCF343677}.Debug|iPhoneSimulator.ActiveCfg = Debug|Any CPU
		{EE5DFE6F-1CED-4DC5-90A1-87ABCF343677}.Debug|iPhoneSimulator.Build.0 = Debug|Any CPU
		{EE5DFE6F-1CED-4DC5-90A1-87ABCF343677}.Release|Any CPU.ActiveCfg = Release|Any CPU
		{EE5DFE6F-1CED-4DC5-90A1-87ABCF343677}.Release|Any CPU.Build.0 = Release|Any CPU
		{EE5DFE6F-1CED-4DC5-90A1-87ABCF343677}.Release|iPhone.ActiveCfg = Release|Any CPU
		{EE5DFE6F-1CED-4DC5-90A1-87ABCF343677}.Release|iPhone.Build.0 = Release|Any CPU
		{EE5DFE6F-1CED-4DC5-90A1-87ABCF343677}.Release|iPhoneSimulator.ActiveCfg = Release|Any CPU
		{EE5DFE6F-1CED-4DC5-90A1-87ABCF343677}.Release|iPhoneSimulator.Build.0 = Release|Any CPU
		{0F053FF6-D9B0-4985-901F-4BFC4E843B92}.Ad-Hoc|Any CPU.ActiveCfg = Debug|Any CPU
		{0F053FF6-D9B0-4985-901F-4BFC4E843B92}.Ad-Hoc|Any CPU.Build.0 = Debug|Any CPU
		{0F053FF6-D9B0-4985-901F-4BFC4E843B92}.Ad-Hoc|iPhone.ActiveCfg = Debug|Any CPU
		{0F053FF6-D9B0-4985-901F-4BFC4E843B92}.Ad-Hoc|iPhone.Build.0 = Debug|Any CPU
		{0F053FF6-D9B0-4985-901F-4BFC4E843B92}.Ad-Hoc|iPhoneSimulator.ActiveCfg = Debug|Any CPU
		{0F053FF6-D9B0-4985-901F-4BFC4E843B92}.Ad-Hoc|iPhoneSimulator.Build.0 = Debug|Any CPU
		{0F053FF6-D9B0-4985-901F-4BFC4E843B92}.AppStore|Any CPU.ActiveCfg = Debug|Any CPU
		{0F053FF6-D9B0-4985-901F-4BFC4E843B92}.AppStore|Any CPU.Build.0 = Debug|Any CPU
		{0F053FF6-D9B0-4985-901F-4BFC4E843B92}.AppStore|iPhone.ActiveCfg = Debug|Any CPU
		{0F053FF6-D9B0-4985-901F-4BFC4E843B92}.AppStore|iPhone.Build.0 = Debug|Any CPU
		{0F053FF6-D9B0-4985-901F-4BFC4E843B92}.AppStore|iPhoneSimulator.ActiveCfg = Debug|Any CPU
		{0F053FF6-D9B0-4985-901F-4BFC4E843B92}.AppStore|iPhoneSimulator.Build.0 = Debug|Any CPU
		{0F053FF6-D9B0-4985-901F-4BFC4E843B92}.Debug|Any CPU.ActiveCfg = Debug|Any CPU
		{0F053FF6-D9B0-4985-901F-4BFC4E843B92}.Debug|Any CPU.Build.0 = Debug|Any CPU
		{0F053FF6-D9B0-4985-901F-4BFC4E843B92}.Debug|iPhone.ActiveCfg = Debug|Any CPU
		{0F053FF6-D9B0-4985-901F-4BFC4E843B92}.Debug|iPhone.Build.0 = Debug|Any CPU
		{0F053FF6-D9B0-4985-901F-4BFC4E843B92}.Debug|iPhoneSimulator.ActiveCfg = Debug|Any CPU
		{0F053FF6-D9B0-4985-901F-4BFC4E843B92}.Debug|iPhoneSimulator.Build.0 = Debug|Any CPU
		{0F053FF6-D9B0-4985-901F-4BFC4E843B92}.Release|Any CPU.ActiveCfg = Release|Any CPU
		{0F053FF6-D9B0-4985-901F-4BFC4E843B92}.Release|Any CPU.Build.0 = Release|Any CPU
		{0F053FF6-D9B0-4985-901F-4BFC4E843B92}.Release|iPhone.ActiveCfg = Release|Any CPU
		{0F053FF6-D9B0-4985-901F-4BFC4E843B92}.Release|iPhone.Build.0 = Release|Any CPU
		{0F053FF6-D9B0-4985-901F-4BFC4E843B92}.Release|iPhoneSimulator.ActiveCfg = Release|Any CPU
		{0F053FF6-D9B0-4985-901F-4BFC4E843B92}.Release|iPhoneSimulator.Build.0 = Release|Any CPU
		{A5982AA2-244D-4EF7-AED6-DEDC6D694B61}.Ad-Hoc|Any CPU.ActiveCfg = Release|Any CPU
		{A5982AA2-244D-4EF7-AED6-DEDC6D694B61}.Ad-Hoc|Any CPU.Build.0 = Release|Any CPU
		{A5982AA2-244D-4EF7-AED6-DEDC6D694B61}.Ad-Hoc|Any CPU.Deploy.0 = Release|Any CPU
		{A5982AA2-244D-4EF7-AED6-DEDC6D694B61}.Ad-Hoc|iPhone.ActiveCfg = Release|Any CPU
		{A5982AA2-244D-4EF7-AED6-DEDC6D694B61}.Ad-Hoc|iPhone.Build.0 = Release|Any CPU
		{A5982AA2-244D-4EF7-AED6-DEDC6D694B61}.Ad-Hoc|iPhone.Deploy.0 = Release|Any CPU
		{A5982AA2-244D-4EF7-AED6-DEDC6D694B61}.Ad-Hoc|iPhoneSimulator.ActiveCfg = Release|Any CPU
		{A5982AA2-244D-4EF7-AED6-DEDC6D694B61}.Ad-Hoc|iPhoneSimulator.Build.0 = Release|Any CPU
		{A5982AA2-244D-4EF7-AED6-DEDC6D694B61}.Ad-Hoc|iPhoneSimulator.Deploy.0 = Release|Any CPU
		{A5982AA2-244D-4EF7-AED6-DEDC6D694B61}.AppStore|Any CPU.ActiveCfg = Release|Any CPU
		{A5982AA2-244D-4EF7-AED6-DEDC6D694B61}.AppStore|Any CPU.Build.0 = Release|Any CPU
		{A5982AA2-244D-4EF7-AED6-DEDC6D694B61}.AppStore|Any CPU.Deploy.0 = Release|Any CPU
		{A5982AA2-244D-4EF7-AED6-DEDC6D694B61}.AppStore|iPhone.ActiveCfg = Release|Any CPU
		{A5982AA2-244D-4EF7-AED6-DEDC6D694B61}.AppStore|iPhone.Build.0 = Release|Any CPU
		{A5982AA2-244D-4EF7-AED6-DEDC6D694B61}.AppStore|iPhone.Deploy.0 = Release|Any CPU
		{A5982AA2-244D-4EF7-AED6-DEDC6D694B61}.AppStore|iPhoneSimulator.ActiveCfg = Release|Any CPU
		{A5982AA2-244D-4EF7-AED6-DEDC6D694B61}.AppStore|iPhoneSimulator.Build.0 = Release|Any CPU
		{A5982AA2-244D-4EF7-AED6-DEDC6D694B61}.AppStore|iPhoneSimulator.Deploy.0 = Release|Any CPU
		{A5982AA2-244D-4EF7-AED6-DEDC6D694B61}.Debug|Any CPU.ActiveCfg = Debug|Any CPU
		{A5982AA2-244D-4EF7-AED6-DEDC6D694B61}.Debug|Any CPU.Build.0 = Debug|Any CPU
		{A5982AA2-244D-4EF7-AED6-DEDC6D694B61}.Debug|Any CPU.Deploy.0 = Debug|Any CPU
		{A5982AA2-244D-4EF7-AED6-DEDC6D694B61}.Debug|iPhone.ActiveCfg = Debug|Any CPU
		{A5982AA2-244D-4EF7-AED6-DEDC6D694B61}.Debug|iPhone.Build.0 = Debug|Any CPU
		{A5982AA2-244D-4EF7-AED6-DEDC6D694B61}.Debug|iPhone.Deploy.0 = Debug|Any CPU
		{A5982AA2-244D-4EF7-AED6-DEDC6D694B61}.Debug|iPhoneSimulator.ActiveCfg = Debug|Any CPU
		{A5982AA2-244D-4EF7-AED6-DEDC6D694B61}.Debug|iPhoneSimulator.Build.0 = Debug|Any CPU
		{A5982AA2-244D-4EF7-AED6-DEDC6D694B61}.Debug|iPhoneSimulator.Deploy.0 = Debug|Any CPU
		{A5982AA2-244D-4EF7-AED6-DEDC6D694B61}.Release|Any CPU.ActiveCfg = Release|Any CPU
		{A5982AA2-244D-4EF7-AED6-DEDC6D694B61}.Release|Any CPU.Build.0 = Release|Any CPU
		{A5982AA2-244D-4EF7-AED6-DEDC6D694B61}.Release|Any CPU.Deploy.0 = Release|Any CPU
		{A5982AA2-244D-4EF7-AED6-DEDC6D694B61}.Release|iPhone.ActiveCfg = Release|Any CPU
		{A5982AA2-244D-4EF7-AED6-DEDC6D694B61}.Release|iPhone.Build.0 = Release|Any CPU
		{A5982AA2-244D-4EF7-AED6-DEDC6D694B61}.Release|iPhone.Deploy.0 = Release|Any CPU
		{A5982AA2-244D-4EF7-AED6-DEDC6D694B61}.Release|iPhoneSimulator.ActiveCfg = Release|Any CPU
		{A5982AA2-244D-4EF7-AED6-DEDC6D694B61}.Release|iPhoneSimulator.Build.0 = Release|Any CPU
		{A5982AA2-244D-4EF7-AED6-DEDC6D694B61}.Release|iPhoneSimulator.Deploy.0 = Release|Any CPU
		{82437639-6E8F-4E13-9FFE-A688EBE66474}.Ad-Hoc|Any CPU.ActiveCfg = Ad-Hoc|iPhone
		{82437639-6E8F-4E13-9FFE-A688EBE66474}.Ad-Hoc|iPhone.ActiveCfg = Ad-Hoc|iPhone
		{82437639-6E8F-4E13-9FFE-A688EBE66474}.Ad-Hoc|iPhone.Build.0 = Ad-Hoc|iPhone
		{82437639-6E8F-4E13-9FFE-A688EBE66474}.Ad-Hoc|iPhoneSimulator.ActiveCfg = Ad-Hoc|iPhoneSimulator
		{82437639-6E8F-4E13-9FFE-A688EBE66474}.Ad-Hoc|iPhoneSimulator.Build.0 = Ad-Hoc|iPhoneSimulator
		{82437639-6E8F-4E13-9FFE-A688EBE66474}.AppStore|Any CPU.ActiveCfg = AppStore|iPhone
		{82437639-6E8F-4E13-9FFE-A688EBE66474}.AppStore|iPhone.ActiveCfg = AppStore|iPhone
		{82437639-6E8F-4E13-9FFE-A688EBE66474}.AppStore|iPhone.Build.0 = AppStore|iPhone
		{82437639-6E8F-4E13-9FFE-A688EBE66474}.AppStore|iPhoneSimulator.ActiveCfg = AppStore|iPhoneSimulator
		{82437639-6E8F-4E13-9FFE-A688EBE66474}.AppStore|iPhoneSimulator.Build.0 = AppStore|iPhoneSimulator
		{82437639-6E8F-4E13-9FFE-A688EBE66474}.Debug|Any CPU.ActiveCfg = Debug|iPhone
		{82437639-6E8F-4E13-9FFE-A688EBE66474}.Debug|iPhone.ActiveCfg = Debug|iPhone
		{82437639-6E8F-4E13-9FFE-A688EBE66474}.Debug|iPhone.Build.0 = Debug|iPhone
		{82437639-6E8F-4E13-9FFE-A688EBE66474}.Debug|iPhoneSimulator.ActiveCfg = Debug|iPhoneSimulator
		{82437639-6E8F-4E13-9FFE-A688EBE66474}.Debug|iPhoneSimulator.Build.0 = Debug|iPhoneSimulator
		{82437639-6E8F-4E13-9FFE-A688EBE66474}.Release|Any CPU.ActiveCfg = Release|iPhone
		{82437639-6E8F-4E13-9FFE-A688EBE66474}.Release|iPhone.ActiveCfg = Release|iPhone
		{82437639-6E8F-4E13-9FFE-A688EBE66474}.Release|iPhone.Build.0 = Release|iPhone
		{82437639-6E8F-4E13-9FFE-A688EBE66474}.Release|iPhoneSimulator.ActiveCfg = Release|iPhoneSimulator
		{82437639-6E8F-4E13-9FFE-A688EBE66474}.Release|iPhoneSimulator.Build.0 = Release|iPhoneSimulator
		{7475080F-C8A0-4A33-860D-13F1DD6D9414}.Ad-Hoc|Any CPU.ActiveCfg = Release|iPhone
		{7475080F-C8A0-4A33-860D-13F1DD6D9414}.Ad-Hoc|Any CPU.Build.0 = Release|iPhone
		{7475080F-C8A0-4A33-860D-13F1DD6D9414}.Ad-Hoc|iPhone.ActiveCfg = Release|iPhone
		{7475080F-C8A0-4A33-860D-13F1DD6D9414}.Ad-Hoc|iPhone.Build.0 = Release|iPhone
		{7475080F-C8A0-4A33-860D-13F1DD6D9414}.Ad-Hoc|iPhoneSimulator.ActiveCfg = Release|iPhoneSimulator
		{7475080F-C8A0-4A33-860D-13F1DD6D9414}.Ad-Hoc|iPhoneSimulator.Build.0 = Release|iPhoneSimulator
		{7475080F-C8A0-4A33-860D-13F1DD6D9414}.AppStore|Any CPU.ActiveCfg = Release|iPhone
		{7475080F-C8A0-4A33-860D-13F1DD6D9414}.AppStore|Any CPU.Build.0 = Release|iPhone
		{7475080F-C8A0-4A33-860D-13F1DD6D9414}.AppStore|iPhone.ActiveCfg = Release|iPhone
		{7475080F-C8A0-4A33-860D-13F1DD6D9414}.AppStore|iPhone.Build.0 = Release|iPhone
		{7475080F-C8A0-4A33-860D-13F1DD6D9414}.AppStore|iPhoneSimulator.ActiveCfg = Release|iPhoneSimulator
		{7475080F-C8A0-4A33-860D-13F1DD6D9414}.AppStore|iPhoneSimulator.Build.0 = Release|iPhoneSimulator
		{7475080F-C8A0-4A33-860D-13F1DD6D9414}.Debug|Any CPU.ActiveCfg = Debug|iPhone
		{7475080F-C8A0-4A33-860D-13F1DD6D9414}.Debug|iPhone.ActiveCfg = Debug|iPhone
		{7475080F-C8A0-4A33-860D-13F1DD6D9414}.Debug|iPhone.Build.0 = Debug|iPhone
		{7475080F-C8A0-4A33-860D-13F1DD6D9414}.Debug|iPhoneSimulator.ActiveCfg = Debug|iPhoneSimulator
		{7475080F-C8A0-4A33-860D-13F1DD6D9414}.Debug|iPhoneSimulator.Build.0 = Debug|iPhoneSimulator
		{7475080F-C8A0-4A33-860D-13F1DD6D9414}.Release|Any CPU.ActiveCfg = Release|iPhone
		{7475080F-C8A0-4A33-860D-13F1DD6D9414}.Release|iPhone.ActiveCfg = Release|iPhone
		{7475080F-C8A0-4A33-860D-13F1DD6D9414}.Release|iPhone.Build.0 = Release|iPhone
		{7475080F-C8A0-4A33-860D-13F1DD6D9414}.Release|iPhoneSimulator.ActiveCfg = Release|iPhoneSimulator
		{7475080F-C8A0-4A33-860D-13F1DD6D9414}.Release|iPhoneSimulator.Build.0 = Release|iPhoneSimulator
		{1DD788EE-505D-4167-B80C-FE0A425A30A1}.Ad-Hoc|Any CPU.ActiveCfg = Release|Any CPU
		{1DD788EE-505D-4167-B80C-FE0A425A30A1}.Ad-Hoc|Any CPU.Build.0 = Release|Any CPU
		{1DD788EE-505D-4167-B80C-FE0A425A30A1}.Ad-Hoc|Any CPU.Deploy.0 = Release|Any CPU
		{1DD788EE-505D-4167-B80C-FE0A425A30A1}.Ad-Hoc|iPhone.ActiveCfg = Release|Any CPU
		{1DD788EE-505D-4167-B80C-FE0A425A30A1}.Ad-Hoc|iPhone.Build.0 = Release|Any CPU
		{1DD788EE-505D-4167-B80C-FE0A425A30A1}.Ad-Hoc|iPhone.Deploy.0 = Release|Any CPU
		{1DD788EE-505D-4167-B80C-FE0A425A30A1}.Ad-Hoc|iPhoneSimulator.ActiveCfg = Release|Any CPU
		{1DD788EE-505D-4167-B80C-FE0A425A30A1}.Ad-Hoc|iPhoneSimulator.Build.0 = Release|Any CPU
		{1DD788EE-505D-4167-B80C-FE0A425A30A1}.Ad-Hoc|iPhoneSimulator.Deploy.0 = Release|Any CPU
		{1DD788EE-505D-4167-B80C-FE0A425A30A1}.AppStore|Any CPU.ActiveCfg = Release|Any CPU
		{1DD788EE-505D-4167-B80C-FE0A425A30A1}.AppStore|Any CPU.Build.0 = Release|Any CPU
		{1DD788EE-505D-4167-B80C-FE0A425A30A1}.AppStore|Any CPU.Deploy.0 = Release|Any CPU
		{1DD788EE-505D-4167-B80C-FE0A425A30A1}.AppStore|iPhone.ActiveCfg = Release|Any CPU
		{1DD788EE-505D-4167-B80C-FE0A425A30A1}.AppStore|iPhone.Build.0 = Release|Any CPU
		{1DD788EE-505D-4167-B80C-FE0A425A30A1}.AppStore|iPhone.Deploy.0 = Release|Any CPU
		{1DD788EE-505D-4167-B80C-FE0A425A30A1}.AppStore|iPhoneSimulator.ActiveCfg = Release|Any CPU
		{1DD788EE-505D-4167-B80C-FE0A425A30A1}.AppStore|iPhoneSimulator.Build.0 = Release|Any CPU
		{1DD788EE-505D-4167-B80C-FE0A425A30A1}.AppStore|iPhoneSimulator.Deploy.0 = Release|Any CPU
		{1DD788EE-505D-4167-B80C-FE0A425A30A1}.Debug|Any CPU.ActiveCfg = Debug|Any CPU
		{1DD788EE-505D-4167-B80C-FE0A425A30A1}.Debug|Any CPU.Build.0 = Debug|Any CPU
		{1DD788EE-505D-4167-B80C-FE0A425A30A1}.Debug|Any CPU.Deploy.0 = Debug|Any CPU
		{1DD788EE-505D-4167-B80C-FE0A425A30A1}.Debug|iPhone.ActiveCfg = Debug|Any CPU
		{1DD788EE-505D-4167-B80C-FE0A425A30A1}.Debug|iPhone.Build.0 = Debug|Any CPU
		{1DD788EE-505D-4167-B80C-FE0A425A30A1}.Debug|iPhone.Deploy.0 = Debug|Any CPU
		{1DD788EE-505D-4167-B80C-FE0A425A30A1}.Debug|iPhoneSimulator.ActiveCfg = Debug|Any CPU
		{1DD788EE-505D-4167-B80C-FE0A425A30A1}.Debug|iPhoneSimulator.Build.0 = Debug|Any CPU
		{1DD788EE-505D-4167-B80C-FE0A425A30A1}.Debug|iPhoneSimulator.Deploy.0 = Debug|Any CPU
		{1DD788EE-505D-4167-B80C-FE0A425A30A1}.Release|Any CPU.ActiveCfg = Release|Any CPU
		{1DD788EE-505D-4167-B80C-FE0A425A30A1}.Release|Any CPU.Build.0 = Release|Any CPU
		{1DD788EE-505D-4167-B80C-FE0A425A30A1}.Release|Any CPU.Deploy.0 = Release|Any CPU
		{1DD788EE-505D-4167-B80C-FE0A425A30A1}.Release|iPhone.ActiveCfg = Release|Any CPU
		{1DD788EE-505D-4167-B80C-FE0A425A30A1}.Release|iPhone.Build.0 = Release|Any CPU
		{1DD788EE-505D-4167-B80C-FE0A425A30A1}.Release|iPhone.Deploy.0 = Release|Any CPU
		{1DD788EE-505D-4167-B80C-FE0A425A30A1}.Release|iPhoneSimulator.ActiveCfg = Release|Any CPU
		{1DD788EE-505D-4167-B80C-FE0A425A30A1}.Release|iPhoneSimulator.Build.0 = Release|Any CPU
		{1DD788EE-505D-4167-B80C-FE0A425A30A1}.Release|iPhoneSimulator.Deploy.0 = Release|Any CPU
		{219803B5-4476-4C4E-AC1E-A2F17056C125}.Ad-Hoc|Any CPU.ActiveCfg = Debug|Any CPU
		{219803B5-4476-4C4E-AC1E-A2F17056C125}.Ad-Hoc|Any CPU.Build.0 = Debug|Any CPU
		{219803B5-4476-4C4E-AC1E-A2F17056C125}.Ad-Hoc|iPhone.ActiveCfg = Debug|Any CPU
		{219803B5-4476-4C4E-AC1E-A2F17056C125}.Ad-Hoc|iPhone.Build.0 = Debug|Any CPU
		{219803B5-4476-4C4E-AC1E-A2F17056C125}.Ad-Hoc|iPhoneSimulator.ActiveCfg = Debug|Any CPU
		{219803B5-4476-4C4E-AC1E-A2F17056C125}.Ad-Hoc|iPhoneSimulator.Build.0 = Debug|Any CPU
		{219803B5-4476-4C4E-AC1E-A2F17056C125}.AppStore|Any CPU.ActiveCfg = Debug|Any CPU
		{219803B5-4476-4C4E-AC1E-A2F17056C125}.AppStore|Any CPU.Build.0 = Debug|Any CPU
		{219803B5-4476-4C4E-AC1E-A2F17056C125}.AppStore|iPhone.ActiveCfg = Debug|Any CPU
		{219803B5-4476-4C4E-AC1E-A2F17056C125}.AppStore|iPhone.Build.0 = Debug|Any CPU
		{219803B5-4476-4C4E-AC1E-A2F17056C125}.AppStore|iPhoneSimulator.ActiveCfg = Debug|Any CPU
		{219803B5-4476-4C4E-AC1E-A2F17056C125}.AppStore|iPhoneSimulator.Build.0 = Debug|Any CPU
		{219803B5-4476-4C4E-AC1E-A2F17056C125}.Debug|Any CPU.ActiveCfg = Debug|Any CPU
		{219803B5-4476-4C4E-AC1E-A2F17056C125}.Debug|Any CPU.Build.0 = Debug|Any CPU
		{219803B5-4476-4C4E-AC1E-A2F17056C125}.Debug|iPhone.ActiveCfg = Debug|Any CPU
		{219803B5-4476-4C4E-AC1E-A2F17056C125}.Debug|iPhone.Build.0 = Debug|Any CPU
		{219803B5-4476-4C4E-AC1E-A2F17056C125}.Debug|iPhoneSimulator.ActiveCfg = Debug|Any CPU
		{219803B5-4476-4C4E-AC1E-A2F17056C125}.Debug|iPhoneSimulator.Build.0 = Debug|Any CPU
		{219803B5-4476-4C4E-AC1E-A2F17056C125}.Release|Any CPU.ActiveCfg = Release|Any CPU
		{219803B5-4476-4C4E-AC1E-A2F17056C125}.Release|Any CPU.Build.0 = Release|Any CPU
		{219803B5-4476-4C4E-AC1E-A2F17056C125}.Release|iPhone.ActiveCfg = Release|Any CPU
		{219803B5-4476-4C4E-AC1E-A2F17056C125}.Release|iPhone.Build.0 = Release|Any CPU
		{219803B5-4476-4C4E-AC1E-A2F17056C125}.Release|iPhoneSimulator.ActiveCfg = Release|Any CPU
		{219803B5-4476-4C4E-AC1E-A2F17056C125}.Release|iPhoneSimulator.Build.0 = Release|Any CPU
	EndGlobalSection
	GlobalSection(SolutionProperties) = preSolution
		HideSolutionNode = FALSE
	EndGlobalSection
	GlobalSection(ExtensibilityGlobals) = postSolution
		SolutionGuid = {B5725D17-F959-4FC6-BABA-FD4E8FD29520}
	EndGlobalSection
EndGlobal
